schema: '2.0'
stages:
  preprocess:
    cmd: python Sentiment_Analysis/preprocess.py data/raw/training.1600000.processed.noemoticon.csv
    deps:
    - path: Sentiment_Analysis/preprocess.py
      hash: md5
      md5: 4c5eef5e7ca2739a24c65ac117f1ed23
      size: 3967
    - path: data/raw
      hash: md5
      md5: 46fff1b01b5e5d7b71ebe19a9655cc6f.dir
      size: 238803811
      nfiles: 1
    params:
      params.yaml:
        preprocessing.lemmarize: false
  split:
    cmd: python Sentiment_Analysis/split.py data/interim/clean_dataset.csv
    deps:
    - path: Sentiment_Analysis/split.py
      hash: md5
      md5: 55ebea0ef5c860c20fd53d62662b9e23
      size: 1231
    - path: data/interim
      hash: md5
      md5: ab7fa577fa56de280fa824f4093ea423.dir
      size: 136432325
      nfiles: 7
    params:
      params.yaml:
        split.random_state: 1234
        split.test_size: 0.3
        split.train_size: 0.7
        split.val_size: 0.3
  clean:
    cmd: python Sentiment_Analysis/clean.py data/raw/training.1600000.processed.noemoticon.csv
    deps:
    - path: Sentiment_Analysis/clean.py
      hash: md5
      md5: 84540484e9371414c68f231bb4d20780
      size: 3870
    - path: data/raw
      hash: md5
      md5: 46fff1b01b5e5d7b71ebe19a9655cc6f.dir
      size: 238803811
      nfiles: 1
    params:
      params.yaml:
        clean.lemmarize: false
        clean.steam: true
  encode_data:
    cmd: python Sentiment_Analysis/generate_encoded_datasets.py
    deps:
    - path: Sentiment_Analysis/generate_encoded_datasets.py
      hash: md5
      md5: fd415fc9c0af958ffaeecaaf5573eab0
      size: 2511
    - path: data/interim
      hash: md5
      md5: 3ff9f8a79a7996ed8362db3f00a924f0.dir
      size: 134832324
      nfiles: 7
    params:
      params.yaml:
        generate-encoded-datasets.padding: true
        generate-encoded-datasets.random_state: 0
        generate-encoded-datasets.test_size: 0.2
        generate-encoded-datasets.truncation: true
